
Microsoft Visual Studio Solution File, Format Version 12.00
# Visual Studio Version 17
VisualStudioVersion = 17.4.33205.214
MinimumVisualStudioVersion = 10.0.40219.1
Project("{FAE04EC0-301F-11D3-BF4B-00C04F79EFBC}") = "Carousel_riigid.Android", "Carousel_riigid.Android\Carousel_riigid.Android.csproj", "{21911F33-9C04-4C7C-8D0A-81B87813E851}"
EndProject
Project("{FAE04EC0-301F-11D3-BF4B-00C04F79EFBC}") = "Carousel_riigid", "Carousel_riigid\Carousel_riigid.csproj", "{98A90019-F36D-4AEA-947A-514D21DD619E}"
EndProject
Global
	GlobalSection(SolutionConfigurationPlatforms) = preSolution
		Debug|Any CPU = Debug|Any CPU
		Release|Any CPU = Release|Any CPU
	EndGlobalSection
	GlobalSection(ProjectConfigurationPlatforms) = postSolution
		{21911F33-9C04-4C7C-8D0A-81B87813E851}.Debug|Any CPU.ActiveCfg = Debug|Any CPU
		{21911F33-9C04-4C7C-8D0A-81B87813E851}.Debug|Any CPU.Build.0 = Debug|Any CPU
		{21911F33-9C04-4C7C-8D0A-81B87813E851}.Debug|Any CPU.Deploy.0 = Debug|Any CPU
		{21911F33-9C04-4C7C-8D0A-81B87813E851}.Release|Any CPU.ActiveCfg = Release|Any CPU
		{21911F33-9C04-4C7C-8D0A-81B87813E851}.Release|Any CPU.Build.0 = Release|Any CPU
		{21911F33-9C04-4C7C-8D0A-81B87813E851}.Release|Any CPU.Deploy.0 = Release|Any CPU
		{98A90019-F36D-4AEA-947A-514D21DD619E}.Debug|Any CPU.ActiveCfg = Debug|Any CPU
		{98A90019-F36D-4AEA-947A-514D21DD619E}.Debug|Any CPU.Build.0 = Debug|Any CPU
		{98A90019-F36D-4AEA-947A-514D21DD619E}.Debug|Any CPU.Deploy.0 = Debug|Any CPU
		{98A90019-F36D-4AEA-947A-514D21DD619E}.Release|Any CPU.ActiveCfg = Release|Any CPU
		{98A90019-F36D-4AEA-947A-514D21DD619E}.Release|Any CPU.Build.0 = Release|Any CPU
		{98A90019-F36D-4AEA-947A-514D21DD619E}.Release|Any CPU.Deploy.0 = Release|Any CPU
	EndGlobalSection
	GlobalSection(SolutionProperties) = preSolution
		HideSolutionNode = FALSE
	EndGlobalSection
	GlobalSection(ExtensibilityGlobals) = postSolution
		SolutionGuid = {FCA62D4B-8DCD-49BF-A92F-9C125CD51A35}
	EndGlobalSection
EndGlobal
